
Microsoft Visual Studio Solution File, Format Version 12.00
# Visual Studio Version 17
VisualStudioVersion = 17.0.32112.339
MinimumVisualStudioVersion = 10.0.40219.1
Project("{FAE04EC0-301F-11D3-BF4B-00C04F79EFBC}") = "Mentoring", "Mentoring\Mentoring.csproj", "{BDEDC909-61D2-4A64-9F1F-37AF078146D2}"
EndProject
Global
	GlobalSection(SolutionConfigurationPlatforms) = preSolution
		Debug|Any CPU = Debug|Any CPU
		Release|Any CPU = Release|Any CPU
	EndGlobalSection
	GlobalSection(ProjectConfigurationPlatforms) = postSolution
		{BDEDC909-61D2-4A64-9F1F-37AF078146D2}.Debug|Any CPU.ActiveCfg = Debug|Any CPU
		{BDEDC909-61D2-4A64-9F1F-37AF078146D2}.Debug|Any CPU.Build.0 = Debug|Any CPU
		{BDEDC909-61D2-4A64-9F1F-37AF078146D2}.Release|Any CPU.ActiveCfg = Release|Any CPU
		{BDEDC909-61D2-4A64-9F1F-37AF078146D2}.Release|Any CPU.Build.0 = Release|Any CPU
	EndGlobalSection
	GlobalSection(SolutionProperties) = preSolution
		HideSolutionNode = FALSE
	EndGlobalSection
	GlobalSection(ExtensibilityGlobals) = postSolution
		SolutionGuid = {9CA36220-6C97-4EA4-90DB-70DA4D0FDC3A}
	EndGlobalSection
EndGlobal
